# @generated by Move, please check-in and do not edit manually.

[move]
version = 3
manifest_digest = "E4CCF68CD73C118A2E5A89619B6105252C4A0F3719D93ABF289970B27F3A76B1"
deps_digest = "F8BBB0CCB2491CA29A3DF03D6F92277A4F3574266507ACD77214D37ECA3F3082"
dependencies = [
  { id = "Sui", name = "Sui" },
]

[[move.package]]
id = "MoveStdlib"
source = { git = "https://github.com/MystenLabs/sui.git", rev = "framework/testnet", subdir = "crates/sui-framework/packages/move-stdlib" }

[[move.package]]
id = "Sui"
source = { git = "https://github.com/MystenLabs/sui.git", rev = "framework/testnet", subdir = "crates/sui-framework/packages/sui-framework" }

dependencies = [
  { id = "MoveStdlib", name = "MoveStdlib" },
]

[move.toolchain-version]
compiler-version = "1.48.0"
edition = "legacy"
flavor = "sui"

[env]

[env.testnet]
chain-id = "4c78adac"
original-published-id = "0x791108066730955f029f91157c897babf71d7ee7b3864f297da4ae6f0a26767a"
latest-published-id = "0x791108066730955f029f91157c897babf71d7ee7b3864f297da4ae6f0a26767a"
published-version = "1"
